
Microsoft Visual Studio Solution File, Format Version 12.00
# Visual Studio 15
VisualStudioVersion = 15.0.28306.52
MinimumVisualStudioVersion = 10.0.40219.1
Project("{9A19103F-16F7-4668-BE54-9A1E7A4F7556}") = "ItMe", "ItMe\ItMe.csproj", "{6CC744B1-6FBC-4CF8-81BA-C5B13D99963E}"
EndProject
Project("{FAE04EC0-301F-11D3-BF4B-00C04F79EFBC}") = "ItMe.Tests", "ItMe.Tests\ItMe.Tests.csproj", "{45F09F6D-1ED1-4878-B484-633BF2639ADD}"
EndProject
Global
	GlobalSection(SolutionConfigurationPlatforms) = preSolution
		Debug|Any CPU = Debug|Any CPU
		Release|Any CPU = Release|Any CPU
	EndGlobalSection
	GlobalSection(ProjectConfigurationPlatforms) = postSolution
		{6CC744B1-6FBC-4CF8-81BA-C5B13D99963E}.Debug|Any CPU.ActiveCfg = Debug|Any CPU
		{6CC744B1-6FBC-4CF8-81BA-C5B13D99963E}.Debug|Any CPU.Build.0 = Debug|Any CPU
		{6CC744B1-6FBC-4CF8-81BA-C5B13D99963E}.Release|Any CPU.ActiveCfg = Release|Any CPU
		{6CC744B1-6FBC-4CF8-81BA-C5B13D99963E}.Release|Any CPU.Build.0 = Release|Any CPU
		{45F09F6D-1ED1-4878-B484-633BF2639ADD}.Debug|Any CPU.ActiveCfg = Debug|Any CPU
		{45F09F6D-1ED1-4878-B484-633BF2639ADD}.Debug|Any CPU.Build.0 = Debug|Any CPU
		{45F09F6D-1ED1-4878-B484-633BF2639ADD}.Release|Any CPU.ActiveCfg = Release|Any CPU
		{45F09F6D-1ED1-4878-B484-633BF2639ADD}.Release|Any CPU.Build.0 = Release|Any CPU
	EndGlobalSection
	GlobalSection(SolutionProperties) = preSolution
		HideSolutionNode = FALSE
	EndGlobalSection
	GlobalSection(ExtensibilityGlobals) = postSolution
		SolutionGuid = {A280656B-07CB-4C5F-925C-573CE4AAB158}
	EndGlobalSection
EndGlobal
